
Microsoft Visual Studio Solution File, Format Version 12.00
# Visual Studio Version 16
VisualStudioVersion = 16.0.30309.148
MinimumVisualStudioVersion = 10.0.40219.1
Project("{FAE04EC0-301F-11D3-BF4B-00C04F79EFBC}") = "simplecrudtemplate", "simplecrudtemplate.csproj", "{79403ADC-3E7C-49CA-9E1F-91CD7F728779}"
EndProject
Global
	GlobalSection(SolutionConfigurationPlatforms) = preSolution
		Debug|Any CPU = Debug|Any CPU
		Release|Any CPU = Release|Any CPU
	EndGlobalSection
	GlobalSection(ProjectConfigurationPlatforms) = postSolution
		{79403ADC-3E7C-49CA-9E1F-91CD7F728779}.Debug|Any CPU.ActiveCfg = Debug|Any CPU
		{79403ADC-3E7C-49CA-9E1F-91CD7F728779}.Debug|Any CPU.Build.0 = Debug|Any CPU
		{79403ADC-3E7C-49CA-9E1F-91CD7F728779}.Release|Any CPU.ActiveCfg = Release|Any CPU
		{79403ADC-3E7C-49CA-9E1F-91CD7F728779}.Release|Any CPU.Build.0 = Release|Any CPU
	EndGlobalSection
	GlobalSection(SolutionProperties) = preSolution
		HideSolutionNode = FALSE
	EndGlobalSection
	GlobalSection(ExtensibilityGlobals) = postSolution
		SolutionGuid = {42B7BB90-26F5-432E-8473-EE246A9EE933}
	EndGlobalSection
EndGlobal
